PODS:
  - Alamofire (4.8.2)
  - IQKeyboardManagerSwift (6.0.5)
  - Kingfisher (6.3.1)
  - MVVM-Swift (1.1.0)
  - ObjectMapper (3.3.0)
  - Realm (3.17.3):
    - Realm/Headers (= 3.17.3)
  - Realm/Headers (3.17.3)
  - RealmSwift (3.17.3):
    - Realm (= 3.17.3)
  - SVProgressHUD (2.2.5)
  - SwifterSwift (5.1.0):
    - SwifterSwift/AppKit (= 5.1.0)
    - SwifterSwift/CoreGraphics (= 5.1.0)
    - SwifterSwift/CoreLocation (= 5.1.0)
    - SwifterSwift/Dispatch (= 5.1.0)
    - SwifterSwift/Foundation (= 5.1.0)
    - SwifterSwift/MapKit (= 5.1.0)
    - SwifterSwift/SceneKit (= 5.1.0)
    - SwifterSwift/SpriteKit (= 5.1.0)
    - SwifterSwift/SwiftStdlib (= 5.1.0)
    - SwifterSwift/UIKit (= 5.1.0)
  - SwifterSwift/AppKit (5.1.0)
  - SwifterSwift/CoreGraphics (5.1.0)
  - SwifterSwift/CoreLocation (5.1.0)
  - SwifterSwift/Dispatch (5.1.0)
  - SwifterSwift/Foundation (5.1.0)
  - SwifterSwift/MapKit (5.1.0)
  - SwifterSwift/SceneKit (5.1.0)
  - SwifterSwift/SpriteKit (5.1.0)
  - SwifterSwift/SwiftStdlib (5.1.0)
  - SwifterSwift/UIKit (5.1.0)
  - SwiftLint (0.27.0)
  - SwiftUtils (4.2)
  - YoutubePlayer-in-WKWebView (0.3.8)

DEPENDENCIES:
  - Alamofire (= 4.8.2)
  - IQKeyboardManagerSwift (~> 6.0.4)
  - Kingfisher (= 6.3.1)
  - MVVM-Swift (= 1.1.0)
  - ObjectMapper (= 3.3.0)
  - RealmSwift (= 3.17.3)
  - SVProgressHUD (= 2.2.5)
  - SwifterSwift (~> 5.0)
  - SwiftLint (= 0.27.0)
  - SwiftUtils (= 4.2)
  - YoutubePlayer-in-WKWebView

SPEC REPOS:
  trunk:
    - Alamofire
    - IQKeyboardManagerSwift
    - Kingfisher
    - MVVM-Swift
    - ObjectMapper
    - Realm
    - RealmSwift
    - SVProgressHUD
    - SwifterSwift
    - SwiftLint
    - SwiftUtils
    - YoutubePlayer-in-WKWebView

SPEC CHECKSUMS:
  Alamofire: ae5c501addb7afdbb13687d7f2f722c78734c2d3
  IQKeyboardManagerSwift: c14eca30f6001457d6ddf25e313f23fb6578c41c
  Kingfisher: 016c8b653a35add51dd34a3aba36b580041acc74
  MVVM-Swift: 54749cc12bb30af41632f30a2c576a18bf9e4bc8
  ObjectMapper: b612bf8c8e99c4dc0bb6013a51f7c27966ed5da9
  Realm: 5a1d9d47bfc101dd597668b1a8af4288a2557f6d
  RealmSwift: b7fdc2d18616621c31df5c7a398a45a2163f8eb0
  SVProgressHUD: 1428aafac632c1f86f62aa4243ec12008d7a51d6
  SwifterSwift: a9e8e144832638c2850b43da5feaf9598c6ad65b
  SwiftLint: 3207c1faa2240bf8973b191820a116113cd11073
  SwiftUtils: de77bcd1df216c9be6ec7011777302c60a2018a6
  YoutubePlayer-in-WKWebView: 4fca3b4f6f09940077bfbae7bddb771f2b43aacd

PODFILE CHECKSUM: b406c1040857501eb788755cfec83060d428f26b

COCOAPODS: 1.11.3
